
Microsoft Visual Studio Solution File, Format Version 12.00
# Visual Studio Version 17
VisualStudioVersion = 17.6.33723.286
MinimumVisualStudioVersion = 10.0.40219.1
Project("{9A19103F-16F7-4668-BE54-9A1E7A4F7556}") = "Entidades", "Entidades\Entidades.csproj", "{31AFE75C-FCAE-4F2E-942F-A063BC17A79A}"
EndProject
Project("{9A19103F-16F7-4668-BE54-9A1E7A4F7556}") = "FrmView", "FrmView\FrmView.csproj", "{67C58F8C-42D3-4396-916F-31F3752DF5FA}"
EndProject
Project("{FAE04EC0-301F-11D3-BF4B-00C04F79EFBC}") = "MisTest", "MisTest\MisTest.csproj", "{4B3DC31E-75FF-444A-BC19-9EC0D442B06D}"
EndProject
Global
	GlobalSection(SolutionConfigurationPlatforms) = preSolution
		Debug|Any CPU = Debug|Any CPU
		Release|Any CPU = Release|Any CPU
	EndGlobalSection
	GlobalSection(ProjectConfigurationPlatforms) = postSolution
		{31AFE75C-FCAE-4F2E-942F-A063BC17A79A}.Debug|Any CPU.ActiveCfg = Debug|Any CPU
		{31AFE75C-FCAE-4F2E-942F-A063BC17A79A}.Debug|Any CPU.Build.0 = Debug|Any CPU
		{31AFE75C-FCAE-4F2E-942F-A063BC17A79A}.Release|Any CPU.ActiveCfg = Release|Any CPU
		{31AFE75C-FCAE-4F2E-942F-A063BC17A79A}.Release|Any CPU.Build.0 = Release|Any CPU
		{67C58F8C-42D3-4396-916F-31F3752DF5FA}.Debug|Any CPU.ActiveCfg = Debug|Any CPU
		{67C58F8C-42D3-4396-916F-31F3752DF5FA}.Debug|Any CPU.Build.0 = Debug|Any CPU
		{67C58F8C-42D3-4396-916F-31F3752DF5FA}.Release|Any CPU.ActiveCfg = Release|Any CPU
		{67C58F8C-42D3-4396-916F-31F3752DF5FA}.Release|Any CPU.Build.0 = Release|Any CPU
		{4B3DC31E-75FF-444A-BC19-9EC0D442B06D}.Debug|Any CPU.ActiveCfg = Debug|Any CPU
		{4B3DC31E-75FF-444A-BC19-9EC0D442B06D}.Debug|Any CPU.Build.0 = Debug|Any CPU
		{4B3DC31E-75FF-444A-BC19-9EC0D442B06D}.Release|Any CPU.ActiveCfg = Release|Any CPU
		{4B3DC31E-75FF-444A-BC19-9EC0D442B06D}.Release|Any CPU.Build.0 = Release|Any CPU
	EndGlobalSection
	GlobalSection(SolutionProperties) = preSolution
		HideSolutionNode = FALSE
	EndGlobalSection
	GlobalSection(ExtensibilityGlobals) = postSolution
		SolutionGuid = {42A76025-6C53-45BD-912B-31EB8A5F064D}
	EndGlobalSection
EndGlobal
